{
  "name": "hack-demo",
  "lockfileVersion": 3,
  "requires": true,
  "packages": {
    "": {
      "dependencies": {
        "@diffusionstudio/core": "^3.8.3"
      }
    },
    "node_modules/@diffusionstudio/core": {
      "version": "3.8.3",
      "resolved": "https://registry.npmjs.org/@diffusionstudio/core/-/core-3.8.3.tgz",
      "integrity": "sha512-e5UpbUtL62JDfIbyR5m9OF+N1OzkvStuF8p8pMOn2+1NH8BqG/DGHc3tQej8omhtKEKTdU4E6qP9Ij/HzC7dzw==",
      "license": "SEE LICENSE IN LICENSE"
    }
  }
}
